// !$*UTF8*$!
{
	archiveVersion = 1;
	classes = {
	};
	objectVersion = 46;
	objects = {

/* Begin PBXBuildFile section */
		099CCDC61B607A1700B167F0 /* TTBaseViewController.m in Sources */ = {isa = PBXBuildFile; fileRef = 099CCDC51B607A1700B167F0 /* TTBaseViewController.m */; };
		099CCDC91B607A3300B167F0 /* TTHomeViewController.m in Sources */ = {isa = PBXBuildFile; fileRef = 099CCDC81B607A3300B167F0 /* TTHomeViewController.m */; };
		09BA5FC41BA1422E00107ECA /* TTPayHistoryTableViewCell.m in Sources */ = {isa = PBXBuildFile; fileRef = 09BA5FC31BA1422E00107ECA /* TTPayHistoryTableViewCell.m */; };
		09BA5FC71BA1487200107ECA /* TTWorkSitesViewController.m in Sources */ = {isa = PBXBuildFile; fileRef = 09BA5FC61BA1487200107ECA /* TTWorkSitesViewController.m */; };
		09BA5FCA1BA1488A00107ECA /* TTWorkerTableViewCell.m in Sources */ = {isa = PBXBuildFile; fileRef = 09BA5FC91BA1488A00107ECA /* TTWorkerTableViewCell.m */; };
		09C664671B5F657B003BE91F /* main.m in Sources */ = {isa = PBXBuildFile; fileRef = 09C664661B5F657B003BE91F /* main.m */; };
		09C6646A1B5F657B003BE91F /* AppDelegate.m in Sources */ = {isa = PBXBuildFile; fileRef = 09C664691B5F657B003BE91F /* AppDelegate.m */; };
		09C6646D1B5F657B003BE91F /* ViewController.m in Sources */ = {isa = PBXBuildFile; fileRef = 09C6646C1B5F657B003BE91F /* ViewController.m */; };
		09C664701B5F657B003BE91F /* Main.storyboard in Resources */ = {isa = PBXBuildFile; fileRef = 09C6646E1B5F657B003BE91F /* Main.storyboard */; };
		09C664721B5F657B003BE91F /* Images.xcassets in Resources */ = {isa = PBXBuildFile; fileRef = 09C664711B5F657B003BE91F /* Images.xcassets */; };
		09C664751B5F657B003BE91F /* LaunchScreen.xib in Resources */ = {isa = PBXBuildFile; fileRef = 09C664731B5F657B003BE91F /* LaunchScreen.xib */; };
		09C664811B5F657B003BE91F /* TTOwnerTests.m in Sources */ = {isa = PBXBuildFile; fileRef = 09C664801B5F657B003BE91F /* TTOwnerTests.m */; };
		09C781CB1B5F83460050B73F /* TTViewModel.m in Sources */ = {isa = PBXBuildFile; fileRef = 09C781CA1B5F83460050B73F /* TTViewModel.m */; };
		09C781CE1B5F839D0050B73F /* TTLoginViewModel.m in Sources */ = {isa = PBXBuildFile; fileRef = 09C781CD1B5F839D0050B73F /* TTLoginViewModel.m */; };
		09C781D41B5F86950050B73F /* NSString+LangExt.m in Sources */ = {isa = PBXBuildFile; fileRef = 09C781D31B5F86950050B73F /* NSString+LangExt.m */; };
		0B14086E1BA06CE200BA92AC /* TTAppService.m in Sources */ = {isa = PBXBuildFile; fileRef = 0B14086D1BA06CE200BA92AC /* TTAppService.m */; };
		0B1408771BA085DA00BA92AC /* RatingBar.m in Sources */ = {isa = PBXBuildFile; fileRef = 0B1408761BA085DA00BA92AC /* RatingBar.m */; };
		0B14087A1BA0E89100BA92AC /* TTPayHitoryViewController.m in Sources */ = {isa = PBXBuildFile; fileRef = 0B1408791BA0E89100BA92AC /* TTPayHitoryViewController.m */; };
		0B14087D1BA0E8CD00BA92AC /* TTMineViewController.m in Sources */ = {isa = PBXBuildFile; fileRef = 0B14087C1BA0E8CD00BA92AC /* TTMineViewController.m */; };
		0B1408801BA0EDB400BA92AC /* TTMoreViewController.m in Sources */ = {isa = PBXBuildFile; fileRef = 0B14087F1BA0EDB400BA92AC /* TTMoreViewController.m */; };
		0B1408881BA0EFD300BA92AC /* TTServiceAgreementViewController.m in Sources */ = {isa = PBXBuildFile; fileRef = 0B1408871BA0EFD300BA92AC /* TTServiceAgreementViewController.m */; };
		0B14088B1BA0EFE500BA92AC /* TTSuitViewController.m in Sources */ = {isa = PBXBuildFile; fileRef = 0B14088A1BA0EFE500BA92AC /* TTSuitViewController.m */; };
		0B14088E1BA0F00200BA92AC /* TTCooperationViewController.m in Sources */ = {isa = PBXBuildFile; fileRef = 0B14088D1BA0F00200BA92AC /* TTCooperationViewController.m */; };
		0B1408911BA0F02600BA92AC /* TTInvitationFriendsViewController.m in Sources */ = {isa = PBXBuildFile; fileRef = 0B1408901BA0F02600BA92AC /* TTInvitationFriendsViewController.m */; };
		0B2F37D71B9F3626003EC1CB /* TTBaseTableViewController.m in Sources */ = {isa = PBXBuildFile; fileRef = 0B2F37D61B9F3626003EC1CB /* TTBaseTableViewController.m */; };
		0B2F37DA1B9F383D003EC1CB /* TTLoginViewController.m in Sources */ = {isa = PBXBuildFile; fileRef = 0B2F37D91B9F383D003EC1CB /* TTLoginViewController.m */; };
		5A5CAD3EDC8965EACB51285A /* libPods.a in Frameworks */ = {isa = PBXBuildFile; fileRef = 724BD81A907B0CD794E779A2 /* libPods.a */; };
/* End PBXBuildFile section */

/* Begin PBXContainerItemProxy section */
		09C6647B1B5F657B003BE91F /* PBXContainerItemProxy */ = {
			isa = PBXContainerItemProxy;
			containerPortal = 09C664591B5F657B003BE91F /* Project object */;
			proxyType = 1;
			remoteGlobalIDString = 09C664601B5F657B003BE91F;
			remoteInfo = TTOwner;
		};
/* End PBXContainerItemProxy section */

/* Begin PBXFileReference section */
		099CCDC41B607A1700B167F0 /* TTBaseViewController.h */ = {isa = PBXFileReference; fileEncoding = 4; lastKnownFileType = sourcecode.c.h; path = TTBaseViewController.h; sourceTree = "<group>"; };
		099CCDC51B607A1700B167F0 /* TTBaseViewController.m */ = {isa = PBXFileReference; fileEncoding = 4; lastKnownFileType = sourcecode.c.objc; path = TTBaseViewController.m; sourceTree = "<group>"; };
		099CCDC71B607A3300B167F0 /* TTHomeViewController.h */ = {isa = PBXFileReference; fileEncoding = 4; lastKnownFileType = sourcecode.c.h; path = TTHomeViewController.h; sourceTree = "<group>"; };
		099CCDC81B607A3300B167F0 /* TTHomeViewController.m */ = {isa = PBXFileReference; fileEncoding = 4; lastKnownFileType = sourcecode.c.objc; path = TTHomeViewController.m; sourceTree = "<group>"; };
		09BA5FC21BA1422E00107ECA /* TTPayHistoryTableViewCell.h */ = {isa = PBXFileReference; fileEncoding = 4; lastKnownFileType = sourcecode.c.h; path = TTPayHistoryTableViewCell.h; sourceTree = "<group>"; };
		09BA5FC31BA1422E00107ECA /* TTPayHistoryTableViewCell.m */ = {isa = PBXFileReference; fileEncoding = 4; lastKnownFileType = sourcecode.c.objc; path = TTPayHistoryTableViewCell.m; sourceTree = "<group>"; };
		09BA5FC51BA1487200107ECA /* TTWorkSitesViewController.h */ = {isa = PBXFileReference; fileEncoding = 4; lastKnownFileType = sourcecode.c.h; path = TTWorkSitesViewController.h; sourceTree = "<group>"; };
		09BA5FC61BA1487200107ECA /* TTWorkSitesViewController.m */ = {isa = PBXFileReference; fileEncoding = 4; lastKnownFileType = sourcecode.c.objc; path = TTWorkSitesViewController.m; sourceTree = "<group>"; };
		09BA5FC81BA1488A00107ECA /* TTWorkerTableViewCell.h */ = {isa = PBXFileReference; fileEncoding = 4; lastKnownFileType = sourcecode.c.h; path = TTWorkerTableViewCell.h; sourceTree = "<group>"; };
		09BA5FC91BA1488A00107ECA /* TTWorkerTableViewCell.m */ = {isa = PBXFileReference; fileEncoding = 4; lastKnownFileType = sourcecode.c.objc; path = TTWorkerTableViewCell.m; sourceTree = "<group>"; };
		09C664611B5F657B003BE91F /* TTOwner.app */ = {isa = PBXFileReference; explicitFileType = wrapper.application; includeInIndex = 0; path = TTOwner.app; sourceTree = BUILT_PRODUCTS_DIR; };
		09C664651B5F657B003BE91F /* Info.plist */ = {isa = PBXFileReference; lastKnownFileType = text.plist.xml; path = Info.plist; sourceTree = "<group>"; };
		09C664661B5F657B003BE91F /* main.m */ = {isa = PBXFileReference; lastKnownFileType = sourcecode.c.objc; path = main.m; sourceTree = "<group>"; };
		09C664681B5F657B003BE91F /* AppDelegate.h */ = {isa = PBXFileReference; lastKnownFileType = sourcecode.c.h; path = AppDelegate.h; sourceTree = "<group>"; };
		09C664691B5F657B003BE91F /* AppDelegate.m */ = {isa = PBXFileReference; lastKnownFileType = sourcecode.c.objc; path = AppDelegate.m; sourceTree = "<group>"; };
		09C6646B1B5F657B003BE91F /* ViewController.h */ = {isa = PBXFileReference; lastKnownFileType = sourcecode.c.h; path = ViewController.h; sourceTree = "<group>"; };
		09C6646C1B5F657B003BE91F /* ViewController.m */ = {isa = PBXFileReference; lastKnownFileType = sourcecode.c.objc; path = ViewController.m; sourceTree = "<group>"; };
		09C6646F1B5F657B003BE91F /* Base */ = {isa = PBXFileReference; lastKnownFileType = file.storyboard; name = Base; path = Base.lproj/Main.storyboard; sourceTree = "<group>"; };
		09C664711B5F657B003BE91F /* Images.xcassets */ = {isa = PBXFileReference; lastKnownFileType = folder.assetcatalog; path = Images.xcassets; sourceTree = "<group>"; };
		09C664741B5F657B003BE91F /* Base */ = {isa = PBXFileReference; lastKnownFileType = file.xib; name = Base; path = Base.lproj/LaunchScreen.xib; sourceTree = "<group>"; };
		09C6647A1B5F657B003BE91F /* TTOwnerTests.xctest */ = {isa = PBXFileReference; explicitFileType = wrapper.cfbundle; includeInIndex = 0; path = TTOwnerTests.xctest; sourceTree = BUILT_PRODUCTS_DIR; };
		09C6647F1B5F657B003BE91F /* Info.plist */ = {isa = PBXFileReference; lastKnownFileType = text.plist.xml; path = Info.plist; sourceTree = "<group>"; };
		09C664801B5F657B003BE91F /* TTOwnerTests.m */ = {isa = PBXFileReference; lastKnownFileType = sourcecode.c.objc; path = TTOwnerTests.m; sourceTree = "<group>"; };
		09C781C31B5F814E0050B73F /* Macros.h */ = {isa = PBXFileReference; lastKnownFileType = sourcecode.c.h; path = Macros.h; sourceTree = "<group>"; };
		09C781C91B5F83460050B73F /* TTViewModel.h */ = {isa = PBXFileReference; fileEncoding = 4; lastKnownFileType = sourcecode.c.h; path = TTViewModel.h; sourceTree = "<group>"; };
		09C781CA1B5F83460050B73F /* TTViewModel.m */ = {isa = PBXFileReference; fileEncoding = 4; lastKnownFileType = sourcecode.c.objc; path = TTViewModel.m; sourceTree = "<group>"; };
		09C781CC1B5F839D0050B73F /* TTLoginViewModel.h */ = {isa = PBXFileReference; fileEncoding = 4; lastKnownFileType = sourcecode.c.h; path = TTLoginViewModel.h; sourceTree = "<group>"; };
		09C781CD1B5F839D0050B73F /* TTLoginViewModel.m */ = {isa = PBXFileReference; fileEncoding = 4; lastKnownFileType = sourcecode.c.objc; path = TTLoginViewModel.m; sourceTree = "<group>"; };
		09C781D21B5F86950050B73F /* NSString+LangExt.h */ = {isa = PBXFileReference; fileEncoding = 4; lastKnownFileType = sourcecode.c.h; path = "NSString+LangExt.h"; sourceTree = "<group>"; };
		09C781D31B5F86950050B73F /* NSString+LangExt.m */ = {isa = PBXFileReference; fileEncoding = 4; lastKnownFileType = sourcecode.c.objc; path = "NSString+LangExt.m"; sourceTree = "<group>"; };
		0B14086C1BA06CE200BA92AC /* TTAppService.h */ = {isa = PBXFileReference; fileEncoding = 4; lastKnownFileType = sourcecode.c.h; path = TTAppService.h; sourceTree = "<group>"; };
		0B14086D1BA06CE200BA92AC /* TTAppService.m */ = {isa = PBXFileReference; fileEncoding = 4; lastKnownFileType = sourcecode.c.objc; path = TTAppService.m; sourceTree = "<group>"; };
		0B1408751BA085DA00BA92AC /* RatingBar.h */ = {isa = PBXFileReference; fileEncoding = 4; lastKnownFileType = sourcecode.c.h; path = RatingBar.h; sourceTree = "<group>"; };
		0B1408761BA085DA00BA92AC /* RatingBar.m */ = {isa = PBXFileReference; fileEncoding = 4; lastKnownFileType = sourcecode.c.objc; path = RatingBar.m; sourceTree = "<group>"; };
		0B1408781BA0E89100BA92AC /* TTPayHitoryViewController.h */ = {isa = PBXFileReference; fileEncoding = 4; lastKnownFileType = sourcecode.c.h; path = TTPayHitoryViewController.h; sourceTree = "<group>"; };
		0B1408791BA0E89100BA92AC /* TTPayHitoryViewController.m */ = {isa = PBXFileReference; fileEncoding = 4; lastKnownFileType = sourcecode.c.objc; path = TTPayHitoryViewController.m; sourceTree = "<group>"; };
		0B14087B1BA0E8CD00BA92AC /* TTMineViewController.h */ = {isa = PBXFileReference; fileEncoding = 4; lastKnownFileType = sourcecode.c.h; path = TTMineViewController.h; sourceTree = "<group>"; };
		0B14087C1BA0E8CD00BA92AC /* TTMineViewController.m */ = {isa = PBXFileReference; fileEncoding = 4; lastKnownFileType = sourcecode.c.objc; path = TTMineViewController.m; sourceTree = "<group>"; };
		0B14087E1BA0EDB400BA92AC /* TTMoreViewController.h */ = {isa = PBXFileReference; fileEncoding = 4; lastKnownFileType = sourcecode.c.h; path = TTMoreViewController.h; sourceTree = "<group>"; };
		0B14087F1BA0EDB400BA92AC /* TTMoreViewController.m */ = {isa = PBXFileReference; fileEncoding = 4; lastKnownFileType = sourcecode.c.objc; path = TTMoreViewController.m; sourceTree = "<group>"; };
		0B1408861BA0EFD300BA92AC /* TTServiceAgreementViewController.h */ = {isa = PBXFileReference; fileEncoding = 4; lastKnownFileType = sourcecode.c.h; path = TTServiceAgreementViewController.h; sourceTree = "<group>"; };
		0B1408871BA0EFD300BA92AC /* TTServiceAgreementViewController.m */ = {isa = PBXFileReference; fileEncoding = 4; lastKnownFileType = sourcecode.c.objc; path = TTServiceAgreementViewController.m; sourceTree = "<group>"; };
		0B1408891BA0EFE500BA92AC /* TTSuitViewController.h */ = {isa = PBXFileReference; fileEncoding = 4; lastKnownFileType = sourcecode.c.h; path = TTSuitViewController.h; sourceTree = "<group>"; };
		0B14088A1BA0EFE500BA92AC /* TTSuitViewController.m */ = {isa = PBXFileReference; fileEncoding = 4; lastKnownFileType = sourcecode.c.objc; path = TTSuitViewController.m; sourceTree = "<group>"; };
		0B14088C1BA0F00200BA92AC /* TTCooperationViewController.h */ = {isa = PBXFileReference; fileEncoding = 4; lastKnownFileType = sourcecode.c.h; path = TTCooperationViewController.h; sourceTree = "<group>"; };
		0B14088D1BA0F00200BA92AC /* TTCooperationViewController.m */ = {isa = PBXFileReference; fileEncoding = 4; lastKnownFileType = sourcecode.c.objc; path = TTCooperationViewController.m; sourceTree = "<group>"; };
		0B14088F1BA0F02600BA92AC /* TTInvitationFriendsViewController.h */ = {isa = PBXFileReference; fileEncoding = 4; lastKnownFileType = sourcecode.c.h; path = TTInvitationFriendsViewController.h; sourceTree = "<group>"; };
		0B1408901BA0F02600BA92AC /* TTInvitationFriendsViewController.m */ = {isa = PBXFileReference; fileEncoding = 4; lastKnownFileType = sourcecode.c.objc; path = TTInvitationFriendsViewController.m; sourceTree = "<group>"; };
		0B2F37D51B9F3626003EC1CB /* TTBaseTableViewController.h */ = {isa = PBXFileReference; fileEncoding = 4; lastKnownFileType = sourcecode.c.h; path = TTBaseTableViewController.h; sourceTree = "<group>"; };
		0B2F37D61B9F3626003EC1CB /* TTBaseTableViewController.m */ = {isa = PBXFileReference; fileEncoding = 4; lastKnownFileType = sourcecode.c.objc; path = TTBaseTableViewController.m; sourceTree = "<group>"; };
		0B2F37D81B9F383D003EC1CB /* TTLoginViewController.h */ = {isa = PBXFileReference; fileEncoding = 4; lastKnownFileType = sourcecode.c.h; path = TTLoginViewController.h; sourceTree = "<group>"; };
		0B2F37D91B9F383D003EC1CB /* TTLoginViewController.m */ = {isa = PBXFileReference; fileEncoding = 4; lastKnownFileType = sourcecode.c.objc; path = TTLoginViewController.m; sourceTree = "<group>"; };
		30B5665F21D8EFB5F6880C6D /* Pods.debug.xcconfig */ = {isa = PBXFileReference; includeInIndex = 1; lastKnownFileType = text.xcconfig; name = Pods.debug.xcconfig; path = "Pods/Target Support Files/Pods/Pods.debug.xcconfig"; sourceTree = "<group>"; };
		5A44EB03FD981B2A5AF5BF50 /* Pods.release.xcconfig */ = {isa = PBXFileReference; includeInIndex = 1; lastKnownFileType = text.xcconfig; name = Pods.release.xcconfig; path = "Pods/Target Support Files/Pods/Pods.release.xcconfig"; sourceTree = "<group>"; };
		724BD81A907B0CD794E779A2 /* libPods.a */ = {isa = PBXFileReference; explicitFileType = archive.ar; includeInIndex = 0; path = libPods.a; sourceTree = BUILT_PRODUCTS_DIR; };
/* End PBXFileReference section */

/* Begin PBXFrameworksBuildPhase section */
		09C6645E1B5F657B003BE91F /* Frameworks */ = {
			isa = PBXFrameworksBuildPhase;
			buildActionMask = 2147483647;
			files = (
				5A5CAD3EDC8965EACB51285A /* libPods.a in Frameworks */,
			);
			runOnlyForDeploymentPostprocessing = 0;
		};
		09C664771B5F657B003BE91F /* Frameworks */ = {
			isa = PBXFrameworksBuildPhase;
			buildActionMask = 2147483647;
			files = (
			);
			runOnlyForDeploymentPostprocessing = 0;
		};
/* End PBXFrameworksBuildPhase section */

/* Begin PBXGroup section */
		099CCDC31B6079D800B167F0 /* MainVC */ = {
			isa = PBXGroup;
			children = (
				099CCDC41B607A1700B167F0 /* TTBaseViewController.h */,
				099CCDC51B607A1700B167F0 /* TTBaseViewController.m */,
				0B2F37D51B9F3626003EC1CB /* TTBaseTableViewController.h */,
				0B2F37D61B9F3626003EC1CB /* TTBaseTableViewController.m */,
				099CCDC71B607A3300B167F0 /* TTHomeViewController.h */,
				099CCDC81B607A3300B167F0 /* TTHomeViewController.m */,
				0B1408781BA0E89100BA92AC /* TTPayHitoryViewController.h */,
				0B1408791BA0E89100BA92AC /* TTPayHitoryViewController.m */,
				09BA5FC21BA1422E00107ECA /* TTPayHistoryTableViewCell.h */,
				09BA5FC31BA1422E00107ECA /* TTPayHistoryTableViewCell.m */,
				09BA5FC51BA1487200107ECA /* TTWorkSitesViewController.h */,
				09BA5FC61BA1487200107ECA /* TTWorkSitesViewController.m */,
				09BA5FC81BA1488A00107ECA /* TTWorkerTableViewCell.h */,
				09BA5FC91BA1488A00107ECA /* TTWorkerTableViewCell.m */,
				0B14087B1BA0E8CD00BA92AC /* TTMineViewController.h */,
				0B14087C1BA0E8CD00BA92AC /* TTMineViewController.m */,
				0B14087E1BA0EDB400BA92AC /* TTMoreViewController.h */,
				0B14087F1BA0EDB400BA92AC /* TTMoreViewController.m */,
				0B1408861BA0EFD300BA92AC /* TTServiceAgreementViewController.h */,
				0B1408871BA0EFD300BA92AC /* TTServiceAgreementViewController.m */,
				0B1408891BA0EFE500BA92AC /* TTSuitViewController.h */,
				0B14088A1BA0EFE500BA92AC /* TTSuitViewController.m */,
				0B14088C1BA0F00200BA92AC /* TTCooperationViewController.h */,
				0B14088D1BA0F00200BA92AC /* TTCooperationViewController.m */,
				0B14088F1BA0F02600BA92AC /* TTInvitationFriendsViewController.h */,
				0B1408901BA0F02600BA92AC /* TTInvitationFriendsViewController.m */,
			);
			path = MainVC;
			sourceTree = "<group>";
		};
		09C664581B5F657B003BE91F = {
			isa = PBXGroup;
			children = (
				09C664631B5F657B003BE91F /* TTOwner */,
				09C6647D1B5F657B003BE91F /* TTOwnerTests */,
				09C664621B5F657B003BE91F /* Products */,
				FD764336BC0911AE7540B173 /* Pods */,
				60A0355647CEAFC2143AA3FB /* Frameworks */,
			);
			sourceTree = "<group>";
		};
		09C664621B5F657B003BE91F /* Products */ = {
			isa = PBXGroup;
			children = (
				09C664611B5F657B003BE91F /* TTOwner.app */,
				09C6647A1B5F657B003BE91F /* TTOwnerTests.xctest */,
			);
			name = Products;
			sourceTree = "<group>";
		};
		09C664631B5F657B003BE91F /* TTOwner */ = {
			isa = PBXGroup;
			children = (
				0B3AA4361B5FBF950000C109 /* ViewController */,
				09C781D11B5F86810050B73F /* Category */,
				09C781C71B5F82B70050B73F /* ViewModel */,
				09C664681B5F657B003BE91F /* AppDelegate.h */,
				09C664691B5F657B003BE91F /* AppDelegate.m */,
				09C6646B1B5F657B003BE91F /* ViewController.h */,
				09C6646C1B5F657B003BE91F /* ViewController.m */,
				0B14086C1BA06CE200BA92AC /* TTAppService.h */,
				0B14086D1BA06CE200BA92AC /* TTAppService.m */,
				0B1408751BA085DA00BA92AC /* RatingBar.h */,
				0B1408761BA085DA00BA92AC /* RatingBar.m */,
				09C6646E1B5F657B003BE91F /* Main.storyboard */,
				09C664711B5F657B003BE91F /* Images.xcassets */,
				09C664731B5F657B003BE91F /* LaunchScreen.xib */,
				09C664641B5F657B003BE91F /* Supporting Files */,
			);
			path = TTOwner;
			sourceTree = "<group>";
		};
		09C664641B5F657B003BE91F /* Supporting Files */ = {
			isa = PBXGroup;
			children = (
				09C664651B5F657B003BE91F /* Info.plist */,
				09C664661B5F657B003BE91F /* main.m */,
				09C781C31B5F814E0050B73F /* Macros.h */,
			);
			name = "Supporting Files";
			sourceTree = "<group>";
		};
		09C6647D1B5F657B003BE91F /* TTOwnerTests */ = {
			isa = PBXGroup;
			children = (
				09C664801B5F657B003BE91F /* TTOwnerTests.m */,
				09C6647E1B5F657B003BE91F /* Supporting Files */,
			);
			path = TTOwnerTests;
			sourceTree = "<group>";
		};
		09C6647E1B5F657B003BE91F /* Supporting Files */ = {
			isa = PBXGroup;
			children = (
				09C6647F1B5F657B003BE91F /* Info.plist */,
			);
			name = "Supporting Files";
			sourceTree = "<group>";
		};
		09C781C71B5F82B70050B73F /* ViewModel */ = {
			isa = PBXGroup;
			children = (
				09C781C81B5F82B70050B73F /* LoginVM */,
				09C781C91B5F83460050B73F /* TTViewModel.h */,
				09C781CA1B5F83460050B73F /* TTViewModel.m */,
			);
			path = ViewModel;
			sourceTree = "<group>";
		};
		09C781C81B5F82B70050B73F /* LoginVM */ = {
			isa = PBXGroup;
			children = (
				09C781CC1B5F839D0050B73F /* TTLoginViewModel.h */,
				09C781CD1B5F839D0050B73F /* TTLoginViewModel.m */,
			);
			path = LoginVM;
			sourceTree = "<group>";
		};
		09C781D11B5F86810050B73F /* Category */ = {
			isa = PBXGroup;
			children = (
				09C781D21B5F86950050B73F /* NSString+LangExt.h */,
				09C781D31B5F86950050B73F /* NSString+LangExt.m */,
			);
			path = Category;
			sourceTree = "<group>";
		};
		0B3AA4361B5FBF950000C109 /* ViewController */ = {
			isa = PBXGroup;
			children = (
				099CCDC31B6079D800B167F0 /* MainVC */,
				0B2F37D81B9F383D003EC1CB /* TTLoginViewController.h */,
				0B2F37D91B9F383D003EC1CB /* TTLoginViewController.m */,
			);
			path = ViewController;
			sourceTree = "<group>";
		};
		60A0355647CEAFC2143AA3FB /* Frameworks */ = {
			isa = PBXGroup;
			children = (
				724BD81A907B0CD794E779A2 /* libPods.a */,
			);
			name = Frameworks;
			sourceTree = "<group>";
		};
		FD764336BC0911AE7540B173 /* Pods */ = {
			isa = PBXGroup;
			children = (
				30B5665F21D8EFB5F6880C6D /* Pods.debug.xcconfig */,
				5A44EB03FD981B2A5AF5BF50 /* Pods.release.xcconfig */,
			);
			name = Pods;
			sourceTree = "<group>";
		};
/* End PBXGroup section */

/* Begin PBXNativeTarget section */
		09C664601B5F657B003BE91F /* TTOwner */ = {
			isa = PBXNativeTarget;
			buildConfigurationList = 09C664841B5F657B003BE91F /* Build configuration list for PBXNativeTarget "TTOwner" */;
			buildPhases = (
				2BDFEA43ECA19EE541364096 /* Check Pods Manifest.lock */,
				09C6645D1B5F657B003BE91F /* Sources */,
				09C6645E1B5F657B003BE91F /* Frameworks */,
				09C6645F1B5F657B003BE91F /* Resources */,
				9E8B8A549128810002397F6E /* Copy Pods Resources */,
			);
			buildRules = (
			);
			dependencies = (
			);
			name = TTOwner;
			productName = TTOwner;
			productReference = 09C664611B5F657B003BE91F /* TTOwner.app */;
			productType = "com.apple.product-type.application";
		};
		09C664791B5F657B003BE91F /* TTOwnerTests */ = {
			isa = PBXNativeTarget;
			buildConfigurationList = 09C664871B5F657B003BE91F /* Build configuration list for PBXNativeTarget "TTOwnerTests" */;
			buildPhases = (
				09C664761B5F657B003BE91F /* Sources */,
				09C664771B5F657B003BE91F /* Frameworks */,
				09C664781B5F657B003BE91F /* Resources */,
			);
			buildRules = (
			);
			dependencies = (
				09C6647C1B5F657B003BE91F /* PBXTargetDependency */,
			);
			name = TTOwnerTests;
			productName = TTOwnerTests;
			productReference = 09C6647A1B5F657B003BE91F /* TTOwnerTests.xctest */;
			productType = "com.apple.product-type.bundle.unit-test";
		};
/* End PBXNativeTarget section */

/* Begin PBXProject section */
		09C664591B5F657B003BE91F /* Project object */ = {
			isa = PBXProject;
			attributes = {
				CLASSPREFIX = TT;
				LastUpgradeCheck = 0630;
				ORGANIZATIONNAME = duwen;
				TargetAttributes = {
					09C664601B5F657B003BE91F = {
						CreatedOnToolsVersion = 6.3.2;
						SystemCapabilities = {
							com.apple.Maps.iOS = {
								enabled = 0;
							};
						};
					};
					09C664791B5F657B003BE91F = {
						CreatedOnToolsVersion = 6.3.2;
						TestTargetID = 09C664601B5F657B003BE91F;
					};
				};
			};
			buildConfigurationList = 09C6645C1B5F657B003BE91F /* Build configuration list for PBXProject "TTOwner" */;
			compatibilityVersion = "Xcode 3.2";
			developmentRegion = English;
			hasScannedForEncodings = 0;
			knownRegions = (
				en,
				Base,
			);
			mainGroup = 09C664581B5F657B003BE91F;
			productRefGroup = 09C664621B5F657B003BE91F /* Products */;
			projectDirPath = "";
			projectRoot = "";
			targets = (
				09C664601B5F657B003BE91F /* TTOwner */,
				09C664791B5F657B003BE91F /* TTOwnerTests */,
			);
		};
/* End PBXProject section */

/* Begin PBXResourcesBuildPhase section */
		09C6645F1B5F657B003BE91F /* Resources */ = {
			isa = PBXResourcesBuildPhase;
			buildActionMask = 2147483647;
			files = (
				09C664701B5F657B003BE91F /* Main.storyboard in Resources */,
				09C664751B5F657B003BE91F /* LaunchScreen.xib in Resources */,
				09C664721B5F657B003BE91F /* Images.xcassets in Resources */,
			);
			runOnlyForDeploymentPostprocessing = 0;
		};
		09C664781B5F657B003BE91F /* Resources */ = {
			isa = PBXResourcesBuildPhase;
			buildActionMask = 2147483647;
			files = (
			);
			runOnlyForDeploymentPostprocessing = 0;
		};
/* End PBXResourcesBuildPhase section */

/* Begin PBXShellScriptBuildPhase section */
		2BDFEA43ECA19EE541364096 /* Check Pods Manifest.lock */ = {
			isa = PBXShellScriptBuildPhase;
			buildActionMask = 2147483647;
			files = (
			);
			inputPaths = (
			);
			name = "Check Pods Manifest.lock";
			outputPaths = (
			);
			runOnlyForDeploymentPostprocessing = 0;
			shellPath = /bin/sh;
			shellScript = "diff \"${PODS_ROOT}/../Podfile.lock\" \"${PODS_ROOT}/Manifest.lock\" > /dev/null\nif [[ $? != 0 ]] ; then\n    cat << EOM\nerror: The sandbox is not in sync with the Podfile.lock. Run 'pod install' or update your CocoaPods installation.\nEOM\n    exit 1\nfi\n";
			showEnvVarsInLog = 0;
		};
		9E8B8A549128810002397F6E /* Copy Pods Resources */ = {
			isa = PBXShellScriptBuildPhase;
			buildActionMask = 2147483647;
			files = (
			);
			inputPaths = (
			);
			name = "Copy Pods Resources";
			outputPaths = (
			);
			runOnlyForDeploymentPostprocessing = 0;
			shellPath = /bin/sh;
			shellScript = "\"${SRCROOT}/Pods/Target Support Files/Pods/Pods-resources.sh\"\n";
			showEnvVarsInLog = 0;
		};
/* End PBXShellScriptBuildPhase section */

/* Begin PBXSourcesBuildPhase section */
		09C6645D1B5F657B003BE91F /* Sources */ = {
			isa = PBXSourcesBuildPhase;
			buildActionMask = 2147483647;
			files = (
				0B2F37D71B9F3626003EC1CB /* TTBaseTableViewController.m in Sources */,
				0B1408881BA0EFD300BA92AC /* TTServiceAgreementViewController.m in Sources */,
				09C6646D1B5F657B003BE91F /* ViewController.m in Sources */,
				09C781CE1B5F839D0050B73F /* TTLoginViewModel.m in Sources */,
				0B14088E1BA0F00200BA92AC /* TTCooperationViewController.m in Sources */,
				09C781D41B5F86950050B73F /* NSString+LangExt.m in Sources */,
				0B14087A1BA0E89100BA92AC /* TTPayHitoryViewController.m in Sources */,
				0B1408771BA085DA00BA92AC /* RatingBar.m in Sources */,
				0B1408801BA0EDB400BA92AC /* TTMoreViewController.m in Sources */,
				09BA5FC41BA1422E00107ECA /* TTPayHistoryTableViewCell.m in Sources */,
				0B14088B1BA0EFE500BA92AC /* TTSuitViewController.m in Sources */,
				09BA5FCA1BA1488A00107ECA /* TTWorkerTableViewCell.m in Sources */,
				0B14086E1BA06CE200BA92AC /* TTAppService.m in Sources */,
				099CCDC61B607A1700B167F0 /* TTBaseViewController.m in Sources */,
				099CCDC91B607A3300B167F0 /* TTHomeViewController.m in Sources */,
				0B1408911BA0F02600BA92AC /* TTInvitationFriendsViewController.m in Sources */,
				09BA5FC71BA1487200107ECA /* TTWorkSitesViewController.m in Sources */,
				0B2F37DA1B9F383D003EC1CB /* TTLoginViewController.m in Sources */,
				09C781CB1B5F83460050B73F /* TTViewModel.m in Sources */,
				0B14087D1BA0E8CD00BA92AC /* TTMineViewController.m in Sources */,
				09C6646A1B5F657B003BE91F /* AppDelegate.m in Sources */,
				09C664671B5F657B003BE91F /* main.m in Sources */,
			);
			runOnlyForDeploymentPostprocessing = 0;
		};
		09C664761B5F657B003BE91F /* Sources */ = {
			isa = PBXSourcesBuildPhase;
			buildActionMask = 2147483647;
			files = (
				09C664811B5F657B003BE91F /* TTOwnerTests.m in Sources */,
			);
			runOnlyForDeploymentPostprocessing = 0;
		};
/* End PBXSourcesBuildPhase section */

/* Begin PBXTargetDependency section */
		09C6647C1B5F657B003BE91F /* PBXTargetDependency */ = {
			isa = PBXTargetDependency;
			target = 09C664601B5F657B003BE91F /* TTOwner */;
			targetProxy = 09C6647B1B5F657B003BE91F /* PBXContainerItemProxy */;
		};
/* End PBXTargetDependency section */

/* Begin PBXVariantGroup section */
		09C6646E1B5F657B003BE91F /* Main.storyboard */ = {
			isa = PBXVariantGroup;
			children = (
				09C6646F1B5F657B003BE91F /* Base */,
			);
			name = Main.storyboard;
			sourceTree = "<group>";
		};
		09C664731B5F657B003BE91F /* LaunchScreen.xib */ = {
			isa = PBXVariantGroup;
			children = (
				09C664741B5F657B003BE91F /* Base */,
			);
			name = LaunchScreen.xib;
			sourceTree = "<group>";
		};
/* End PBXVariantGroup section */

/* Begin XCBuildConfiguration section */
		09C664821B5F657B003BE91F /* Debug */ = {
			isa = XCBuildConfiguration;
			buildSettings = {
				ALWAYS_SEARCH_USER_PATHS = NO;
				CLANG_CXX_LANGUAGE_STANDARD = "gnu++0x";
				CLANG_CXX_LIBRARY = "libc++";
				CLANG_ENABLE_MODULES = YES;
				CLANG_ENABLE_OBJC_ARC = YES;
				CLANG_WARN_BOOL_CONVERSION = YES;
				CLANG_WARN_CONSTANT_CONVERSION = YES;
				CLANG_WARN_DIRECT_OBJC_ISA_USAGE = YES_ERROR;
				CLANG_WARN_EMPTY_BODY = YES;
				CLANG_WARN_ENUM_CONVERSION = YES;
				CLANG_WARN_INT_CONVERSION = YES;
				CLANG_WARN_OBJC_ROOT_CLASS = YES_ERROR;
				CLANG_WARN_UNREACHABLE_CODE = YES;
				CLANG_WARN__DUPLICATE_METHOD_MATCH = YES;
				"CODE_SIGN_IDENTITY[sdk=iphoneos*]" = "iPhone Developer";
				COPY_PHASE_STRIP = NO;
				DEBUG_INFORMATION_FORMAT = "dwarf-with-dsym";
				ENABLE_STRICT_OBJC_MSGSEND = YES;
				GCC_C_LANGUAGE_STANDARD = gnu99;
				GCC_DYNAMIC_NO_PIC = NO;
				GCC_NO_COMMON_BLOCKS = YES;
				GCC_OPTIMIZATION_LEVEL = 0;
				GCC_PREPROCESSOR_DEFINITIONS = (
					"DEBUG=1",
					"$(inherited)",
				);
				GCC_SYMBOLS_PRIVATE_EXTERN = NO;
				GCC_WARN_64_TO_32_BIT_CONVERSION = YES;
				GCC_WARN_ABOUT_RETURN_TYPE = YES_ERROR;
				GCC_WARN_UNDECLARED_SELECTOR = YES;
				GCC_WARN_UNINITIALIZED_AUTOS = YES_AGGRESSIVE;
				GCC_WARN_UNUSED_FUNCTION = YES;
				GCC_WARN_UNUSED_VARIABLE = YES;
				IPHONEOS_DEPLOYMENT_TARGET = 7.0;
				MTL_ENABLE_DEBUG_INFO = YES;
				ONLY_ACTIVE_ARCH = YES;
				SDKROOT = iphoneos;
			};
			name = Debug;
		};
		09C664831B5F657B003BE91F /* Release */ = {
			isa = XCBuildConfiguration;
			buildSettings = {
				ALWAYS_SEARCH_USER_PATHS = NO;
				CLANG_CXX_LANGUAGE_STANDARD = "gnu++0x";
				CLANG_CXX_LIBRARY = "libc++";
				CLANG_ENABLE_MODULES = YES;
				CLANG_ENABLE_OBJC_ARC = YES;
				CLANG_WARN_BOOL_CONVERSION = YES;
				CLANG_WARN_CONSTANT_CONVERSION = YES;
				CLANG_WARN_DIRECT_OBJC_ISA_USAGE = YES_ERROR;
				CLANG_WARN_EMPTY_BODY = YES;
				CLANG_WARN_ENUM_CONVERSION = YES;
				CLANG_WARN_INT_CONVERSION = YES;
				CLANG_WARN_OBJC_ROOT_CLASS = YES_ERROR;
				CLANG_WARN_UNREACHABLE_CODE = YES;
				CLANG_WARN__DUPLICATE_METHOD_MATCH = YES;
				"CODE_SIGN_IDENTITY[sdk=iphoneos*]" = "iPhone Developer";
				COPY_PHASE_STRIP = NO;
				DEBUG_INFORMATION_FORMAT = "dwarf-with-dsym";
				ENABLE_NS_ASSERTIONS = NO;
				ENABLE_STRICT_OBJC_MSGSEND = YES;
				GCC_C_LANGUAGE_STANDARD = gnu99;
				GCC_NO_COMMON_BLOCKS = YES;
				GCC_WARN_64_TO_32_BIT_CONVERSION = YES;
				GCC_WARN_ABOUT_RETURN_TYPE = YES_ERROR;
				GCC_WARN_UNDECLARED_SELECTOR = YES;
				GCC_WARN_UNINITIALIZED_AUTOS = YES_AGGRESSIVE;
				GCC_WARN_UNUSED_FUNCTION = YES;
				GCC_WARN_UNUSED_VARIABLE = YES;
				IPHONEOS_DEPLOYMENT_TARGET = 7.0;
				MTL_ENABLE_DEBUG_INFO = NO;
				SDKROOT = iphoneos;
				VALIDATE_PRODUCT = YES;
			};
			name = Release;
		};
		09C664851B5F657B003BE91F /* Debug */ = {
			isa = XCBuildConfiguration;
			baseConfigurationReference = 30B5665F21D8EFB5F6880C6D /* Pods.debug.xcconfig */;
			buildSettings = {
				ASSETCATALOG_COMPILER_APPICON_NAME = AppIcon;
				ASSETCATALOG_COMPILER_LAUNCHIMAGE_NAME = LaunchImage;
				INFOPLIST_FILE = TTOwner/Info.plist;
				LD_RUNPATH_SEARCH_PATHS = "$(inherited) @executable_path/Frameworks";
				PRODUCT_NAME = "$(TARGET_NAME)";
			};
			name = Debug;
		};
		09C664861B5F657B003BE91F /* Release */ = {
			isa = XCBuildConfiguration;
			baseConfigurationReference = 5A44EB03FD981B2A5AF5BF50 /* Pods.release.xcconfig */;
			buildSettings = {
				ASSETCATALOG_COMPILER_APPICON_NAME = AppIcon;
				ASSETCATALOG_COMPILER_LAUNCHIMAGE_NAME = LaunchImage;
				INFOPLIST_FILE = TTOwner/Info.plist;
				LD_RUNPATH_SEARCH_PATHS = "$(inherited) @executable_path/Frameworks";
				PRODUCT_NAME = "$(TARGET_NAME)";
			};
			name = Release;
		};
		09C664881B5F657B003BE91F /* Debug */ = {
			isa = XCBuildConfiguration;
			buildSettings = {
				BUNDLE_LOADER = "$(TEST_HOST)";
				FRAMEWORK_SEARCH_PATHS = (
					"$(SDKROOT)/Developer/Library/Frameworks",
					"$(inherited)",
				);
				GCC_PREPROCESSOR_DEFINITIONS = (
					"DEBUG=1",
					"$(inherited)",
				);
				INFOPLIST_FILE = TTOwnerTests/Info.plist;
				LD_RUNPATH_SEARCH_PATHS = "$(inherited) @executable_path/Frameworks @loader_path/Frameworks";
				PRODUCT_NAME = "$(TARGET_NAME)";
				TEST_HOST = "$(BUILT_PRODUCTS_DIR)/TTOwner.app/TTOwner";
			};
			name = Debug;
		};
		09C664891B5F657B003BE91F /* Release */ = {
			isa = XCBuildConfiguration;
			buildSettings = {
				BUNDLE_LOADER = "$(TEST_HOST)";
				FRAMEWORK_SEARCH_PATHS = (
					"$(SDKROOT)/Developer/Library/Frameworks",
					"$(inherited)",
				);
				INFOPLIST_FILE = TTOwnerTests/Info.plist;
				LD_RUNPATH_SEARCH_PATHS = "$(inherited) @executable_path/Frameworks @loader_path/Frameworks";
				PRODUCT_NAME = "$(TARGET_NAME)";
				TEST_HOST = "$(BUILT_PRODUCTS_DIR)/TTOwner.app/TTOwner";
			};
			name = Release;
		};
/* End XCBuildConfiguration section */

/* Begin XCConfigurationList section */
		09C6645C1B5F657B003BE91F /* Build configuration list for PBXProject "TTOwner" */ = {
			isa = XCConfigurationList;
			buildConfigurations = (
				09C664821B5F657B003BE91F /* Debug */,
				09C664831B5F657B003BE91F /* Release */,
			);
			defaultConfigurationIsVisible = 0;
			defaultConfigurationName = Release;
		};
		09C664841B5F657B003BE91F /* Build configuration list for PBXNativeTarget "TTOwner" */ = {
			isa = XCConfigurationList;
			buildConfigurations = (
				09C664851B5F657B003BE91F /* Debug */,
				09C664861B5F657B003BE91F /* Release */,
			);
			defaultConfigurationIsVisible = 0;
			defaultConfigurationName = Release;
		};
		09C664871B5F657B003BE91F /* Build configuration list for PBXNativeTarget "TTOwnerTests" */ = {
			isa = XCConfigurationList;
			buildConfigurations = (
				09C664881B5F657B003BE91F /* Debug */,
				09C664891B5F657B003BE91F /* Release */,
			);
			defaultConfigurationIsVisible = 0;
			defaultConfigurationName = Release;
		};
/* End XCConfigurationList section */
	};
	rootObject = 09C664591B5F657B003BE91F /* Project object */;
}
